{
  "name": "hockey-analyst-ai",
  "version": "0.0.0",
  "lockfileVersion": 3,
  "requires": true,
  "packages": {
    "": {
      "name": "hockey-analyst-ai",
      "version": "0.0.0",
      "dependencies": {
        "react": "^18.2.0",
        "react-dom": "^18.2.0"
      },
      "devDependencies": {
        "@types/react": "^18.2.15",
        "@types/react-dom": "^18.2.7",
        "@vitejs/plugin-react": "^4.0.3",
        "autoprefixer": "^10.4.16",
        "postcss": "^8.4.31",
        "tailwindcss": "^3.3.3",
        "vite": "^4.4.5"
      }
    },
    "node_modules/js-tokens": {
      "version": "4.0.0",
      "resolved": "https://registry.npmjs.org/js-tokens/-/js-tokens-4.0.0.tgz",
      "integrity": "sha512-RdJUflcE3cUzKiMqQgsCu06FPu9UdIJO0beYbPhHN4k6apgJtifcoCtT9bcxOpYBtpD2kCM6Sbzg4CausW/PKQ==",
      "peer": true
    },
    "node_modules/loose-envify": {
      "version": "1.4.0",
      "resolved": "https://registry.npmjs.org/loose-envify/-/loose-envify-1.4.0.tgz",
      "integrity": "sha512-lyuxPGr/Wfhrlem2CL/UcnUc1zcqKAImBDzukY7Y5F/yQiag5fs/cNu8Z8/tvMbPbI8ssE8csYgjNB5cNUnh3Q==",
      "dependencies": {
        "js-tokens": "^3.0.0 || ^4.0.0"
      },
      "bin": {
        "loose-envify": "cli.js"
      }
    },
    "node_modules/react": {
      "version": "18.2.0",
      "resolved": "https://registry.npmjs.org/react/-/react-18.2.0.tgz",
      "integrity": "sha512-/3IjMdbBdnDYiConfig/sV8t2F/4VGRSodvr9uaMdIaXWIIl1EXAI2qsAPRNayAZwoI9j9nEXQrJrqLx9Stob3A==",
      "dependencies": {
        "loose-envify": "^1.1.0"
      },
      "engines": {
        "node": ">=0.10.0"
      }
    },
    "node_modules/react-dom": {
      "version": "18.2.0",
      "resolved": "https://registry.npmjs.org/react-dom/-/react-dom-18.2.0.tgz",
      "integrity": "sha512-6IMs9dvfsVxxLeuI3bgtvr+DK52gTwt8CKl7VIwPargGb26MkrdoBHkmzLCe5D//dDW3wMMGeY2yl7lDDPNqSA==",
      "dependencies": {
        "loose-envify": "^1.1.0",
        "scheduler": "^0.23.0"
      },
      "peerDependencies": {
        "react": "^18.2.0"
      }
    },
    "node_modules/scheduler": {
      "version": "0.23.0",
      "resolved": "https://registry.npmjs.org/scheduler/-/scheduler-0.23.0.tgz",
      "integrity": "sha512-CtuThmgVNg7zIZBr49wT+mUTEXkoCARDEGqobAbU2MioSVDUzPzGstoD2TfjOhL5unSaMV2AsSk7A0AS0u3eIw==",
      "dependencies": {
        "loose-envify": "^1.1.0"
      }
    }
  }
}
